
Microsoft Visual Studio Solution File, Format Version 12.00
# Visual Studio Version 17
VisualStudioVersion = 17.3.32922.545
MinimumVisualStudioVersion = 10.0.40219.1
Project("{FAE04EC0-301F-11D3-BF4B-00C04F79EFBC}") = "DHDCShop.Web", "DHDCShop.Web\DHDCShop.Web.csproj", "{B1497C56-1043-433D-B7D6-B3FC50C3B989}"
EndProject
Project("{FAE04EC0-301F-11D3-BF4B-00C04F79EFBC}") = "DHDCShop.Models", "DHDCShop.Models\DHDCShop.Models.csproj", "{3832E60D-2AE8-469E-A83D-F449BC69408A}"
EndProject
Project("{FAE04EC0-301F-11D3-BF4B-00C04F79EFBC}") = "DHDCShop.Common", "DHDCShop.Common\DHDCShop.Common.csproj", "{F5B27743-2E91-47E9-AB93-85A2F6E7595D}"
EndProject
Global
	GlobalSection(SolutionConfigurationPlatforms) = preSolution
		Debug|Any CPU = Debug|Any CPU
		Release|Any CPU = Release|Any CPU
	EndGlobalSection
	GlobalSection(ProjectConfigurationPlatforms) = postSolution
		{B1497C56-1043-433D-B7D6-B3FC50C3B989}.Debug|Any CPU.ActiveCfg = Debug|Any CPU
		{B1497C56-1043-433D-B7D6-B3FC50C3B989}.Debug|Any CPU.Build.0 = Debug|Any CPU
		{B1497C56-1043-433D-B7D6-B3FC50C3B989}.Release|Any CPU.ActiveCfg = Release|Any CPU
		{B1497C56-1043-433D-B7D6-B3FC50C3B989}.Release|Any CPU.Build.0 = Release|Any CPU
		{3832E60D-2AE8-469E-A83D-F449BC69408A}.Debug|Any CPU.ActiveCfg = Debug|Any CPU
		{3832E60D-2AE8-469E-A83D-F449BC69408A}.Debug|Any CPU.Build.0 = Debug|Any CPU
		{3832E60D-2AE8-469E-A83D-F449BC69408A}.Release|Any CPU.ActiveCfg = Release|Any CPU
		{3832E60D-2AE8-469E-A83D-F449BC69408A}.Release|Any CPU.Build.0 = Release|Any CPU
		{F5B27743-2E91-47E9-AB93-85A2F6E7595D}.Debug|Any CPU.ActiveCfg = Debug|Any CPU
		{F5B27743-2E91-47E9-AB93-85A2F6E7595D}.Debug|Any CPU.Build.0 = Debug|Any CPU
		{F5B27743-2E91-47E9-AB93-85A2F6E7595D}.Release|Any CPU.ActiveCfg = Release|Any CPU
		{F5B27743-2E91-47E9-AB93-85A2F6E7595D}.Release|Any CPU.Build.0 = Release|Any CPU
	EndGlobalSection
	GlobalSection(SolutionProperties) = preSolution
		HideSolutionNode = FALSE
	EndGlobalSection
	GlobalSection(ExtensibilityGlobals) = postSolution
		SolutionGuid = {E99DE712-49D0-4FD1-BB2F-E100D75CD419}
	EndGlobalSection
EndGlobal
